# THIS IS AN AUTOGENERATED FILE. DO NOT EDIT THIS FILE DIRECTLY.
# yarn lockfile v1


angular@1.8.0:
  version "1.8.0"
  resolved "https://registry.yarnpkg.com/angular/-/angular-1.8.0.tgz#b1ec179887869215cab6dfd0df2e42caa65b1b51"
  integrity sha512-VdaMx+Qk0Skla7B5gw77a8hzlcOakwF8mjlW13DpIWIDlfqwAbSSLfd8N/qZnzEmQF4jC4iofInd3gE7vL8ZZg==

moment@2.29.0:
  version "2.29.0"
  resolved "https://registry.yarnpkg.com/moment/-/moment-2.29.0.tgz#fcbef955844d91deb55438613ddcec56e86a3425"
  integrity sha512-z6IJ5HXYiuxvFTI6eiQ9dm77uE0gyy1yXNApVHqTcnIKfY9tIwEjlzsZ6u1LQXvVgKeTnv9Xm7NDvJ7lso3MtA==

normalize.css@8.0.1:
  version "8.0.1"
  resolved "https://registry.yarnpkg.com/normalize.css/-/normalize.css-8.0.1.tgz#9b98a208738b9cc2634caacbc42d131c97487bf3"
  integrity sha512-qizSNPO93t1YUuUhP22btGOo3chcvDFqFaj2TRybP0DMxkHOCTYwp3n34fel4a31ORXy4m1Xq0Gyqpb5m33qIg==
